
Microsoft Visual Studio Solution File, Format Version 12.00
# Visual Studio 15
VisualStudioVersion = 15.0.27130.2027
MinimumVisualStudioVersion = 10.0.40219.1
Project("{FAE04EC0-301F-11D3-BF4B-00C04F79EFBC}") = "Addition", "Addition\Addition.csproj", "{9300E947-018F-4128-9DEC-E8253C2BF1CF}"
EndProject
Global
	GlobalSection(SolutionConfigurationPlatforms) = preSolution
		Debug|Any CPU = Debug|Any CPU
		Release|Any CPU = Release|Any CPU
	EndGlobalSection
	GlobalSection(ProjectConfigurationPlatforms) = postSolution
		{9300E947-018F-4128-9DEC-E8253C2BF1CF}.Debug|Any CPU.ActiveCfg = Debug|Any CPU
		{9300E947-018F-4128-9DEC-E8253C2BF1CF}.Debug|Any CPU.Build.0 = Debug|Any CPU
		{9300E947-018F-4128-9DEC-E8253C2BF1CF}.Release|Any CPU.ActiveCfg = Release|Any CPU
		{9300E947-018F-4128-9DEC-E8253C2BF1CF}.Release|Any CPU.Build.0 = Release|Any CPU
	EndGlobalSection
	GlobalSection(SolutionProperties) = preSolution
		HideSolutionNode = FALSE
	EndGlobalSection
	GlobalSection(ExtensibilityGlobals) = postSolution
		SolutionGuid = {633EBDA3-B57F-43BB-B820-F140CB296AC2}
	EndGlobalSection
EndGlobal
